# THIS IS AN AUTOGENERATED FILE. DO NOT EDIT THIS FILE DIRECTLY.
# yarn lockfile v1


bootbox.js@^4.3.0:
  version "4.3.0"
  resolved "https://registry.yarnpkg.com/bootbox.js/-/bootbox.js-4.3.0.tgz#b0a3d1ab3b3810f1509d49bb793e8ae310b7776c"
  integrity sha1-sKPRqzs4EPFQnUm7eT6K4xC3d2w=

bootbox@^5.4.0:
  version "5.4.0"
  resolved "https://registry.yarnpkg.com/bootbox/-/bootbox-5.4.0.tgz#2857a63c270b1b797d62e4c5597e74b497267655"
  integrity sha512-GCPrDwZpJsUnqzrto3ZURVafypl13+DAyE3YZx5jR5EIoTDSyREPhr77hlCuPKvM6VvXR5Mh/34W3DYMC7JE9g==
  dependencies:
    bootstrap "^4.4.0"
    jquery "^3.4.1"
    popper.js "^1.16.0"

bootstrap@^4.3.1:
  version "4.3.1"
  resolved "https://registry.yarnpkg.com/bootstrap/-/bootstrap-4.3.1.tgz#280ca8f610504d99d7b6b4bfc4b68cec601704ac"
  integrity sha512-rXqOmH1VilAt2DyPzluTi2blhk17bO7ef+zLLPlWvG494pDxcM234pJ8wTc/6R40UWizAIIMgxjvxZg5kmsbag==

bootstrap@^4.4.0:
  version "4.5.0"
  resolved "https://registry.yarnpkg.com/bootstrap/-/bootstrap-4.5.0.tgz#97d9dbcb5a8972f8722c9962483543b907d9b9ec"
  integrity sha512-Z93QoXvodoVslA+PWNdk23Hze4RBYIkpb5h8I2HY2Tu2h7A0LpAgLcyrhrSUyo2/Oxm2l1fRZPs1e5hnxnliXA==

jquery-confirm@^3.3.4:
  version "3.3.4"
  resolved "https://registry.yarnpkg.com/jquery-confirm/-/jquery-confirm-3.3.4.tgz#493e29d33713e86d6eb0c5bd177677a4373310d1"
  integrity sha512-SF3mX2kWAK9FP/Hut1uLHI30LPZ9DAki3Jq6JId9vg6AlMVugjlh40APtuxPQ/0C44XTkQFSVyRrg57NMbaicA==
  dependencies:
    jquery ">=1.6"

jquery@>=1.6, jquery@^3.4.1:
  version "3.4.1"
  resolved "https://registry.yarnpkg.com/jquery/-/jquery-3.4.1.tgz#714f1f8d9dde4bdfa55764ba37ef214630d80ef2"
  integrity sha512-36+AdBzCL+y6qjw5Tx7HgzeGCzC81MDDgaUP8ld2zhx58HdqXGoBd+tHdrBMiyjGQs0Hxs/MLZTu/eHNJJuWPw==

popper.js@^1.15.0:
  version "1.15.0"
  resolved "https://registry.yarnpkg.com/popper.js/-/popper.js-1.15.0.tgz#5560b99bbad7647e9faa475c6b8056621f5a4ff2"
  integrity sha512-w010cY1oCUmI+9KwwlWki+r5jxKfTFDVoadl7MSrIujHU5MJ5OR6HTDj6Xo8aoR/QsA56x8jKjA59qGH4ELtrA==

popper.js@^1.16.0:
  version "1.16.1"
  resolved "https://registry.yarnpkg.com/popper.js/-/popper.js-1.16.1.tgz#2a223cb3dc7b6213d740e40372be40de43e65b1b"
  integrity sha512-Wb4p1J4zyFTbM+u6WuO4XstYx4Ky9Cewe4DWrel7B0w6VVICvPwdOpotjzcf6eD8TsckVnIMNONQyPIUFOUbCQ==

select2@^4.0.8:
  version "4.0.8"
  resolved "https://registry.yarnpkg.com/select2/-/select2-4.0.8.tgz#3773bec1e5b96620ed98ca5ded53c0da47e7753f"
  integrity sha512-H/I2mq71oiEe51S74hdUv4QubH1EJNLEMnjfQucftLa8GiuT5+RKIHwlV/7I/YUqZg0wsYQM946eFG/ntRPF/Q==
