# THIS IS AN AUTOGENERATED FILE. DO NOT EDIT THIS FILE DIRECTLY.
# yarn lockfile v1


bootbox.js@^4.3.0:
  version "4.3.0"
  resolved "https://registry.yarnpkg.com/bootbox.js/-/bootbox.js-4.3.0.tgz#b0a3d1ab3b3810f1509d49bb793e8ae310b7776c"
  integrity sha1-sKPRqzs4EPFQnUm7eT6K4xC3d2w=

bootbox@^5.4.0:
  version "5.4.0"
  resolved "https://registry.yarnpkg.com/bootbox/-/bootbox-5.4.0.tgz#2857a63c270b1b797d62e4c5597e74b497267655"
  integrity sha512-GCPrDwZpJsUnqzrto3ZURVafypl13+DAyE3YZx5jR5EIoTDSyREPhr77hlCuPKvM6VvXR5Mh/34W3DYMC7JE9g==
  dependencies:
    bootstrap "^4.4.0"
    jquery "^3.4.1"
    popper.js "^1.16.0"

bootstrap@^4.4.0, bootstrap@^4.5.2:
  version "4.5.2"
  resolved "https://registry.yarnpkg.com/bootstrap/-/bootstrap-4.5.2.tgz#a85c4eda59155f0d71186b6e6ad9b875813779ab"
  integrity sha512-vlGn0bcySYl/iV+BGA544JkkZP5LB3jsmkeKLFQakCOwCM3AOk7VkldBz4jrzSe+Z0Ezn99NVXa1o45cQY4R6A==

jquery-confirm@^3.3.4:
  version "3.3.4"
  resolved "https://registry.yarnpkg.com/jquery-confirm/-/jquery-confirm-3.3.4.tgz#493e29d33713e86d6eb0c5bd177677a4373310d1"
  integrity sha512-SF3mX2kWAK9FP/Hut1uLHI30LPZ9DAki3Jq6JId9vg6AlMVugjlh40APtuxPQ/0C44XTkQFSVyRrg57NMbaicA==
  dependencies:
    jquery ">=1.6"

jquery@>=1.6, jquery@^3.4.1, jquery@^3.5.0:
  version "3.5.1"
  resolved "https://registry.yarnpkg.com/jquery/-/jquery-3.5.1.tgz#d7b4d08e1bfdb86ad2f1a3d039ea17304717abb5"
  integrity sha512-XwIBPqcMn57FxfT+Go5pzySnm4KWkT1Tv7gjrpT1srtf8Weynl6R273VJ5GjkRb51IzMp5nbaPjJXMWeju2MKg==

popper.js@^1.15.0, popper.js@^1.16.0:
  version "1.16.1"
  resolved "https://registry.yarnpkg.com/popper.js/-/popper.js-1.16.1.tgz#2a223cb3dc7b6213d740e40372be40de43e65b1b"
  integrity sha512-Wb4p1J4zyFTbM+u6WuO4XstYx4Ky9Cewe4DWrel7B0w6VVICvPwdOpotjzcf6eD8TsckVnIMNONQyPIUFOUbCQ==

select2@^4.0.8:
  version "4.0.13"
  resolved "https://registry.yarnpkg.com/select2/-/select2-4.0.13.tgz#0dbe377df3f96167c4c1626033e924372d8ef44d"
  integrity sha512-1JeB87s6oN/TDxQQYCvS5EFoQyvV6eYMZZ0AeA4tdFDYWN3BAGZ8npr17UBFddU0lgAt3H0yjX3X6/ekOj1yjw==
